
Microsoft Visual Studio Solution File, Format Version 12.00
# Visual Studio Version 17
VisualStudioVersion = 17.11.35222.181
MinimumVisualStudioVersion = 10.0.40219.1
Project("{8BC9CEB8-8B4A-11D0-8D11-00A0C91BC942}") = "rectangle", "rectangle.vcxproj", "{E192ED7A-B2A8-4F17-968A-47B79C5D2497}"
EndProject
Global
	GlobalSection(SolutionConfigurationPlatforms) = preSolution
		Debug|x64 = Debug|x64
		Debug|x86 = Debug|x86
		Release|x64 = Release|x64
		Release|x86 = Release|x86
	EndGlobalSection
	GlobalSection(ProjectConfigurationPlatforms) = postSolution
		{E192ED7A-B2A8-4F17-968A-47B79C5D2497}.Debug|x64.ActiveCfg = Debug|x64
		{E192ED7A-B2A8-4F17-968A-47B79C5D2497}.Debug|x64.Build.0 = Debug|x64
		{E192ED7A-B2A8-4F17-968A-47B79C5D2497}.Debug|x86.ActiveCfg = Debug|Win32
		{E192ED7A-B2A8-4F17-968A-47B79C5D2497}.Debug|x86.Build.0 = Debug|Win32
		{E192ED7A-B2A8-4F17-968A-47B79C5D2497}.Release|x64.ActiveCfg = Release|x64
		{E192ED7A-B2A8-4F17-968A-47B79C5D2497}.Release|x64.Build.0 = Release|x64
		{E192ED7A-B2A8-4F17-968A-47B79C5D2497}.Release|x86.ActiveCfg = Release|Win32
		{E192ED7A-B2A8-4F17-968A-47B79C5D2497}.Release|x86.Build.0 = Release|Win32
	EndGlobalSection
	GlobalSection(SolutionProperties) = preSolution
		HideSolutionNode = FALSE
	EndGlobalSection
	GlobalSection(ExtensibilityGlobals) = postSolution
		SolutionGuid = {FFE60DB4-3753-430B-A48F-7B43EB21A350}
	EndGlobalSection
EndGlobal
